
Microsoft Visual Studio Solution File, Format Version 12.00
# Visual Studio Version 16
VisualStudioVersion = 16.0.30128.74
MinimumVisualStudioVersion = 10.0.40219.1
Project("{9A19103F-16F7-4668-BE54-9A1E7A4F7556}") = "ProjetoMVC", "ProjetoMVC\ProjetoMVC.csproj", "{CF1926F9-A8C0-400B-9A89-5A29FF981206}"
EndProject
Project("{FAE04EC0-301F-11D3-BF4B-00C04F79EFBC}") = "ProjetoAPI", "ProjetoAPI\ProjetoAPI.csproj", "{62CBFB43-CAB8-4363-9C74-2EFFF2BA45E1}"
EndProject
Global
	GlobalSection(SolutionConfigurationPlatforms) = preSolution
		Debug|Any CPU = Debug|Any CPU
		Release|Any CPU = Release|Any CPU
	EndGlobalSection
	GlobalSection(ProjectConfigurationPlatforms) = postSolution
		{CF1926F9-A8C0-400B-9A89-5A29FF981206}.Debug|Any CPU.ActiveCfg = Debug|Any CPU
		{CF1926F9-A8C0-400B-9A89-5A29FF981206}.Debug|Any CPU.Build.0 = Debug|Any CPU
		{CF1926F9-A8C0-400B-9A89-5A29FF981206}.Release|Any CPU.ActiveCfg = Release|Any CPU
		{CF1926F9-A8C0-400B-9A89-5A29FF981206}.Release|Any CPU.Build.0 = Release|Any CPU
		{62CBFB43-CAB8-4363-9C74-2EFFF2BA45E1}.Debug|Any CPU.ActiveCfg = Debug|Any CPU
		{62CBFB43-CAB8-4363-9C74-2EFFF2BA45E1}.Debug|Any CPU.Build.0 = Debug|Any CPU
		{62CBFB43-CAB8-4363-9C74-2EFFF2BA45E1}.Release|Any CPU.ActiveCfg = Release|Any CPU
		{62CBFB43-CAB8-4363-9C74-2EFFF2BA45E1}.Release|Any CPU.Build.0 = Release|Any CPU
	EndGlobalSection
	GlobalSection(SolutionProperties) = preSolution
		HideSolutionNode = FALSE
	EndGlobalSection
	GlobalSection(ExtensibilityGlobals) = postSolution
		SolutionGuid = {BD9EE0C4-E0A7-407D-B603-A17F4DCCF9D2}
	EndGlobalSection
EndGlobal
